
Microsoft Visual Studio Solution File, Format Version 12.00
# Visual Studio Version 17
VisualStudioVersion = 17.1.32228.430
MinimumVisualStudioVersion = 10.0.40219.1
Project("{FAE04EC0-301F-11D3-BF4B-00C04F79EFBC}") = "Gauss_Jordan", "Gauss_Jordan\Gauss_Jordan.csproj", "{B4AF696B-1BA1-48E3-BB76-E4F69FCD2402}"
EndProject
Global
	GlobalSection(SolutionConfigurationPlatforms) = preSolution
		Debug|Any CPU = Debug|Any CPU
		Release|Any CPU = Release|Any CPU
	EndGlobalSection
	GlobalSection(ProjectConfigurationPlatforms) = postSolution
		{B4AF696B-1BA1-48E3-BB76-E4F69FCD2402}.Debug|Any CPU.ActiveCfg = Debug|Any CPU
		{B4AF696B-1BA1-48E3-BB76-E4F69FCD2402}.Debug|Any CPU.Build.0 = Debug|Any CPU
		{B4AF696B-1BA1-48E3-BB76-E4F69FCD2402}.Release|Any CPU.ActiveCfg = Release|Any CPU
		{B4AF696B-1BA1-48E3-BB76-E4F69FCD2402}.Release|Any CPU.Build.0 = Release|Any CPU
	EndGlobalSection
	GlobalSection(SolutionProperties) = preSolution
		HideSolutionNode = FALSE
	EndGlobalSection
	GlobalSection(ExtensibilityGlobals) = postSolution
		SolutionGuid = {4F93C555-F70E-40CB-AAFD-E40EE15E9D0F}
	EndGlobalSection
EndGlobal
